
Microsoft Visual Studio Solution File, Format Version 12.00
Project("{FAE04EC0-301F-11D3-BF4B-00C04F79EFBC}") = "RazorTerm", "RazorTerm\RazorTerm.csproj", "{0151BAEB-0DFC-49DB-B055-8BF066C4D6B5}"
EndProject
Project("{FAE04EC0-301F-11D3-BF4B-00C04F79EFBC}") = "FrameworkTerm", "FrameworkTerm\FrameworkTerm.csproj", "{5D932483-FFAF-4F40-BD38-BA58476FB01D}"
EndProject
Global
	GlobalSection(SolutionConfigurationPlatforms) = preSolution
		Debug|Any CPU = Debug|Any CPU
		Release|Any CPU = Release|Any CPU
	EndGlobalSection
	GlobalSection(ProjectConfigurationPlatforms) = postSolution
		{0151BAEB-0DFC-49DB-B055-8BF066C4D6B5}.Debug|Any CPU.ActiveCfg = Debug|Any CPU
		{0151BAEB-0DFC-49DB-B055-8BF066C4D6B5}.Debug|Any CPU.Build.0 = Debug|Any CPU
		{0151BAEB-0DFC-49DB-B055-8BF066C4D6B5}.Release|Any CPU.ActiveCfg = Release|Any CPU
		{0151BAEB-0DFC-49DB-B055-8BF066C4D6B5}.Release|Any CPU.Build.0 = Release|Any CPU
		{5D932483-FFAF-4F40-BD38-BA58476FB01D}.Debug|Any CPU.ActiveCfg = Debug|Any CPU
		{5D932483-FFAF-4F40-BD38-BA58476FB01D}.Debug|Any CPU.Build.0 = Debug|Any CPU
		{5D932483-FFAF-4F40-BD38-BA58476FB01D}.Release|Any CPU.ActiveCfg = Release|Any CPU
		{5D932483-FFAF-4F40-BD38-BA58476FB01D}.Release|Any CPU.Build.0 = Release|Any CPU
	EndGlobalSection
EndGlobal
